
Microsoft Visual Studio Solution File, Format Version 12.00
# Visual Studio Version 17
VisualStudioVersion = 17.14.35906.104 d17.14
MinimumVisualStudioVersion = 10.0.40219.1
Project("{FAE04EC0-301F-11D3-BF4B-00C04F79EFBC}") = "ConsoleApp2", "ConsoleApp2\ConsoleApp2.csproj", "{3D6F887D-3E30-4298-9E18-0C4753E0785E}"
EndProject
Global
	GlobalSection(SolutionConfigurationPlatforms) = preSolution
		Debug|Any CPU = Debug|Any CPU
		Release|Any CPU = Release|Any CPU
	EndGlobalSection
	GlobalSection(ProjectConfigurationPlatforms) = postSolution
		{3D6F887D-3E30-4298-9E18-0C4753E0785E}.Debug|Any CPU.ActiveCfg = Debug|Any CPU
		{3D6F887D-3E30-4298-9E18-0C4753E0785E}.Debug|Any CPU.Build.0 = Debug|Any CPU
		{3D6F887D-3E30-4298-9E18-0C4753E0785E}.Release|Any CPU.ActiveCfg = Release|Any CPU
		{3D6F887D-3E30-4298-9E18-0C4753E0785E}.Release|Any CPU.Build.0 = Release|Any CPU
	EndGlobalSection
	GlobalSection(SolutionProperties) = preSolution
		HideSolutionNode = FALSE
	EndGlobalSection
	GlobalSection(ExtensibilityGlobals) = postSolution
		SolutionGuid = {36EB506D-6CEE-44A1-B901-0F3E6F352E44}
	EndGlobalSection
EndGlobal
