
Microsoft Visual Studio Solution File, Format Version 12.00
# Visual Studio Version 17
VisualStudioVersion = 17.13.35825.156 d17.13
MinimumVisualStudioVersion = 10.0.40219.1
Project("{FAE04EC0-301F-11D3-BF4B-00C04F79EFBC}") = "ListSringModule", "ListSringModule\ListSringModule.csproj", "{EB234EDA-3581-4223-B9EF-EADCF5A9CE87}"
EndProject
Global
	GlobalSection(SolutionConfigurationPlatforms) = preSolution
		Debug|Any CPU = Debug|Any CPU
		Release|Any CPU = Release|Any CPU
	EndGlobalSection
	GlobalSection(ProjectConfigurationPlatforms) = postSolution
		{EB234EDA-3581-4223-B9EF-EADCF5A9CE87}.Debug|Any CPU.ActiveCfg = Debug|Any CPU
		{EB234EDA-3581-4223-B9EF-EADCF5A9CE87}.Debug|Any CPU.Build.0 = Debug|Any CPU
		{EB234EDA-3581-4223-B9EF-EADCF5A9CE87}.Release|Any CPU.ActiveCfg = Release|Any CPU
		{EB234EDA-3581-4223-B9EF-EADCF5A9CE87}.Release|Any CPU.Build.0 = Release|Any CPU
	EndGlobalSection
	GlobalSection(SolutionProperties) = preSolution
		HideSolutionNode = FALSE
	EndGlobalSection
	GlobalSection(ExtensibilityGlobals) = postSolution
		SolutionGuid = {5731F18F-3E42-4B5C-9733-D775CD2F596E}
	EndGlobalSection
EndGlobal
